{
  "name": "@virtueinitiative/shared-web",
  "version": "1.0.0",
  "lockfileVersion": 3,
  "requires": true,
  "packages": {
    "": {
      "name": "@virtueinitiative/shared-web",
      "version": "1.0.0",
      "license": "AGPL-3.0-or-later",
      "devDependencies": {
        "preact": "^10.29.1",
        "prettier": "^3.8.3"
      },
      "peerDependencies": {
        "preact": ">=10"
      }
    },
    "node_modules/preact": {
      "version": "10.29.1",
      "resolved": "https://registry.npmjs.org/preact/-/preact-10.29.1.tgz",
      "integrity": "sha512-gQCLc/vWroE8lIpleXtdJhTFDogTdZG9AjMUpVkDf2iTCNwYNWA+u16dL41TqUDJO4gm2IgrcMv3uTpjd4Pwmg==",
      "dev": true,
      "license": "MIT",
      "funding": {
        "type": "opencollective",
        "url": "https://opencollective.com/preact"
      }
    },
    "node_modules/prettier": {
      "version": "3.8.3",
      "resolved": "https://registry.npmjs.org/prettier/-/prettier-3.8.3.tgz",
      "integrity": "sha512-7igPTM53cGHMW8xWuVTydi2KO233VFiTNyF5hLJqpilHfmn8C8gPf+PS7dUT64YcXFbiMGZxS9pCSxL/Dxm/Jw==",
      "dev": true,
      "license": "MIT",
      "bin": {
        "prettier": "bin/prettier.cjs"
      },
      "engines": {
        "node": ">=14"
      },
      "funding": {
        "url": "https://github.com/prettier/prettier?sponsor=1"
      }
    }
  }
}
